
Microsoft Visual Studio Solution File, Format Version 12.00
# Visual Studio Version 17
VisualStudioVersion = 17.3.32811.315
MinimumVisualStudioVersion = 10.0.40219.1
Project("{FAE04EC0-301F-11D3-BF4B-00C04F79EFBC}") = "WebAPI_Intro", "WebAPI_Intro\WebAPI_Intro.csproj", "{95680E98-7210-4329-82C9-392A8B27FFCD}"
EndProject
Project("{FAE04EC0-301F-11D3-BF4B-00C04F79EFBC}") = "BusinessLogicLayerLibrary", "..\..\..\ADO.net and entity framework\Adoday2-crudopr\Crudopr\BusinessLogicLayerLibrary\BusinessLogicLayerLibrary.csproj", "{741DC224-E864-407F-953F-C9C284FC17DC}"
EndProject
Project("{FAE04EC0-301F-11D3-BF4B-00C04F79EFBC}") = "DataAccessLayerLibrary", "..\..\..\ADO.net and entity framework\Adoday2-crudopr\Crudopr\DataAccessLayerLibrary\DataAccessLayerLibrary.csproj", "{F1F29432-1F87-43E6-AB0C-179C8BE7858C}"
EndProject
Project("{FAE04EC0-301F-11D3-BF4B-00C04F79EFBC}") = "HelperLibrary", "..\..\..\ADO.net and entity framework\Adoday2-crudopr\Crudopr\HelperLibrary\HelperLibrary.csproj", "{D3A6CC9E-7EE9-4B78-88F7-5243F6E87406}"
EndProject
Global
	GlobalSection(SolutionConfigurationPlatforms) = preSolution
		Debug|Any CPU = Debug|Any CPU
		Release|Any CPU = Release|Any CPU
	EndGlobalSection
	GlobalSection(ProjectConfigurationPlatforms) = postSolution
		{95680E98-7210-4329-82C9-392A8B27FFCD}.Debug|Any CPU.ActiveCfg = Debug|Any CPU
		{95680E98-7210-4329-82C9-392A8B27FFCD}.Debug|Any CPU.Build.0 = Debug|Any CPU
		{95680E98-7210-4329-82C9-392A8B27FFCD}.Release|Any CPU.ActiveCfg = Release|Any CPU
		{95680E98-7210-4329-82C9-392A8B27FFCD}.Release|Any CPU.Build.0 = Release|Any CPU
		{741DC224-E864-407F-953F-C9C284FC17DC}.Debug|Any CPU.ActiveCfg = Debug|Any CPU
		{741DC224-E864-407F-953F-C9C284FC17DC}.Debug|Any CPU.Build.0 = Debug|Any CPU
		{741DC224-E864-407F-953F-C9C284FC17DC}.Release|Any CPU.ActiveCfg = Release|Any CPU
		{741DC224-E864-407F-953F-C9C284FC17DC}.Release|Any CPU.Build.0 = Release|Any CPU
		{F1F29432-1F87-43E6-AB0C-179C8BE7858C}.Debug|Any CPU.ActiveCfg = Debug|Any CPU
		{F1F29432-1F87-43E6-AB0C-179C8BE7858C}.Debug|Any CPU.Build.0 = Debug|Any CPU
		{F1F29432-1F87-43E6-AB0C-179C8BE7858C}.Release|Any CPU.ActiveCfg = Release|Any CPU
		{F1F29432-1F87-43E6-AB0C-179C8BE7858C}.Release|Any CPU.Build.0 = Release|Any CPU
		{D3A6CC9E-7EE9-4B78-88F7-5243F6E87406}.Debug|Any CPU.ActiveCfg = Debug|Any CPU
		{D3A6CC9E-7EE9-4B78-88F7-5243F6E87406}.Debug|Any CPU.Build.0 = Debug|Any CPU
		{D3A6CC9E-7EE9-4B78-88F7-5243F6E87406}.Release|Any CPU.ActiveCfg = Release|Any CPU
		{D3A6CC9E-7EE9-4B78-88F7-5243F6E87406}.Release|Any CPU.Build.0 = Release|Any CPU
	EndGlobalSection
	GlobalSection(SolutionProperties) = preSolution
		HideSolutionNode = FALSE
	EndGlobalSection
	GlobalSection(ExtensibilityGlobals) = postSolution
		SolutionGuid = {38254D88-D676-4888-B2D7-D5CBD01A6A81}
	EndGlobalSection
EndGlobal
