
Microsoft Visual Studio Solution File, Format Version 12.00
# Visual Studio Version 17
VisualStudioVersion = 17.3.32811.315
MinimumVisualStudioVersion = 10.0.40219.1
Project("{FAE04EC0-301F-11D3-BF4B-00C04F79EFBC}") = "Crudopr", "Crudopr\Crudopr.csproj", "{AB7AE91B-3C9D-4826-AC42-CE262518F4B9}"
	ProjectSection(ProjectDependencies) = postProject
		{741DC224-E864-407F-953F-C9C284FC17DC} = {741DC224-E864-407F-953F-C9C284FC17DC}
		{D3A6CC9E-7EE9-4B78-88F7-5243F6E87406} = {D3A6CC9E-7EE9-4B78-88F7-5243F6E87406}
	EndProjectSection
EndProject
Project("{FAE04EC0-301F-11D3-BF4B-00C04F79EFBC}") = "BusinessLogicLayerLibrary", "BusinessLogicLayerLibrary\BusinessLogicLayerLibrary.csproj", "{741DC224-E864-407F-953F-C9C284FC17DC}"
	ProjectSection(ProjectDependencies) = postProject
		{D3A6CC9E-7EE9-4B78-88F7-5243F6E87406} = {D3A6CC9E-7EE9-4B78-88F7-5243F6E87406}
	EndProjectSection
EndProject
Project("{FAE04EC0-301F-11D3-BF4B-00C04F79EFBC}") = "DataAccessLayerLibrary", "DataAccessLayerLibrary\DataAccessLayerLibrary.csproj", "{F1F29432-1F87-43E6-AB0C-179C8BE7858C}"
	ProjectSection(ProjectDependencies) = postProject
		{741DC224-E864-407F-953F-C9C284FC17DC} = {741DC224-E864-407F-953F-C9C284FC17DC}
	EndProjectSection
EndProject
Project("{FAE04EC0-301F-11D3-BF4B-00C04F79EFBC}") = "HelperLibrary", "HelperLibrary\HelperLibrary.csproj", "{D3A6CC9E-7EE9-4B78-88F7-5243F6E87406}"
EndProject
Global
	GlobalSection(SolutionConfigurationPlatforms) = preSolution
		Debug|Any CPU = Debug|Any CPU
		Release|Any CPU = Release|Any CPU
	EndGlobalSection
	GlobalSection(ProjectConfigurationPlatforms) = postSolution
		{AB7AE91B-3C9D-4826-AC42-CE262518F4B9}.Debug|Any CPU.ActiveCfg = Debug|Any CPU
		{AB7AE91B-3C9D-4826-AC42-CE262518F4B9}.Debug|Any CPU.Build.0 = Debug|Any CPU
		{AB7AE91B-3C9D-4826-AC42-CE262518F4B9}.Release|Any CPU.ActiveCfg = Release|Any CPU
		{AB7AE91B-3C9D-4826-AC42-CE262518F4B9}.Release|Any CPU.Build.0 = Release|Any CPU
		{741DC224-E864-407F-953F-C9C284FC17DC}.Debug|Any CPU.ActiveCfg = Debug|Any CPU
		{741DC224-E864-407F-953F-C9C284FC17DC}.Debug|Any CPU.Build.0 = Debug|Any CPU
		{741DC224-E864-407F-953F-C9C284FC17DC}.Release|Any CPU.ActiveCfg = Release|Any CPU
		{741DC224-E864-407F-953F-C9C284FC17DC}.Release|Any CPU.Build.0 = Release|Any CPU
		{F1F29432-1F87-43E6-AB0C-179C8BE7858C}.Debug|Any CPU.ActiveCfg = Debug|Any CPU
		{F1F29432-1F87-43E6-AB0C-179C8BE7858C}.Debug|Any CPU.Build.0 = Debug|Any CPU
		{F1F29432-1F87-43E6-AB0C-179C8BE7858C}.Release|Any CPU.ActiveCfg = Release|Any CPU
		{F1F29432-1F87-43E6-AB0C-179C8BE7858C}.Release|Any CPU.Build.0 = Release|Any CPU
		{D3A6CC9E-7EE9-4B78-88F7-5243F6E87406}.Debug|Any CPU.ActiveCfg = Debug|Any CPU
		{D3A6CC9E-7EE9-4B78-88F7-5243F6E87406}.Debug|Any CPU.Build.0 = Debug|Any CPU
		{D3A6CC9E-7EE9-4B78-88F7-5243F6E87406}.Release|Any CPU.ActiveCfg = Release|Any CPU
		{D3A6CC9E-7EE9-4B78-88F7-5243F6E87406}.Release|Any CPU.Build.0 = Release|Any CPU
	EndGlobalSection
	GlobalSection(SolutionProperties) = preSolution
		HideSolutionNode = FALSE
	EndGlobalSection
	GlobalSection(ExtensibilityGlobals) = postSolution
		SolutionGuid = {9C1B1431-BB15-4FCF-A370-2A3BF0C869C8}
	EndGlobalSection
EndGlobal
